
Microsoft Visual Studio Solution File, Format Version 12.00
# Visual Studio Version 16
VisualStudioVersion = 16.0.31424.327
MinimumVisualStudioVersion = 10.0.40219.1
Project("{FAE04EC0-301F-11D3-BF4B-00C04F79EFBC}") = "WinFormsApp1", "WinFormsApp1\WinFormsApp1.csproj", "{E42AF687-1D76-4CF2-98E1-82572D4B609E}"
EndProject
Global
	GlobalSection(SolutionConfigurationPlatforms) = preSolution
		Debug|Any CPU = Debug|Any CPU
		Release|Any CPU = Release|Any CPU
	EndGlobalSection
	GlobalSection(ProjectConfigurationPlatforms) = postSolution
		{E42AF687-1D76-4CF2-98E1-82572D4B609E}.Debug|Any CPU.ActiveCfg = Debug|Any CPU
		{E42AF687-1D76-4CF2-98E1-82572D4B609E}.Debug|Any CPU.Build.0 = Debug|Any CPU
		{E42AF687-1D76-4CF2-98E1-82572D4B609E}.Release|Any CPU.ActiveCfg = Release|Any CPU
		{E42AF687-1D76-4CF2-98E1-82572D4B609E}.Release|Any CPU.Build.0 = Release|Any CPU
	EndGlobalSection
	GlobalSection(SolutionProperties) = preSolution
		HideSolutionNode = FALSE
	EndGlobalSection
	GlobalSection(ExtensibilityGlobals) = postSolution
		SolutionGuid = {C7971E0B-CDDD-4CAA-BBA3-F1436F315975}
	EndGlobalSection
EndGlobal
